
Microsoft Visual Studio Solution File, Format Version 12.00
# Visual Studio Version 17
VisualStudioVersion = 17.5.33627.172
MinimumVisualStudioVersion = 10.0.40219.1
Project("{FAE04EC0-301F-11D3-BF4B-00C04F79EFBC}") = "AvaliacaoDesenvolvedor", "AvaliacaoDesenvolvedor.csproj", "{7EC4087D-2451-46D2-A89D-D131B1F8F6B5}"
EndProject
Global
	GlobalSection(SolutionConfigurationPlatforms) = preSolution
		Debug|Any CPU = Debug|Any CPU
		Release|Any CPU = Release|Any CPU
	EndGlobalSection
	GlobalSection(ProjectConfigurationPlatforms) = postSolution
		{7EC4087D-2451-46D2-A89D-D131B1F8F6B5}.Debug|Any CPU.ActiveCfg = Debug|Any CPU
		{7EC4087D-2451-46D2-A89D-D131B1F8F6B5}.Debug|Any CPU.Build.0 = Debug|Any CPU
		{7EC4087D-2451-46D2-A89D-D131B1F8F6B5}.Release|Any CPU.ActiveCfg = Release|Any CPU
		{7EC4087D-2451-46D2-A89D-D131B1F8F6B5}.Release|Any CPU.Build.0 = Release|Any CPU
	EndGlobalSection
	GlobalSection(SolutionProperties) = preSolution
		HideSolutionNode = FALSE
	EndGlobalSection
	GlobalSection(ExtensibilityGlobals) = postSolution
		SolutionGuid = {C6AF570C-B2EA-48AF-9D53-9889275CCB2D}
	EndGlobalSection
EndGlobal
